// !$*UTF8*$!
{
	archiveVersion = 1;
	classes = {
	};
	objectVersion = 56;
	objects = {

/* Begin PBXBuildFile section */
		90311CEA2CA2EC1300D2EAB7 /* NanumMyeongjoOTF.otf in Resources */ = {isa = PBXBuildFile; fileRef = 90311CE72CA2EC1300D2EAB7 /* NanumMyeongjoOTF.otf */; };
		90311CEB2CA2EC1300D2EAB7 /* NanumMyeongjoOTFBold.otf in Resources */ = {isa = PBXBuildFile; fileRef = 90311CE82CA2EC1300D2EAB7 /* NanumMyeongjoOTFBold.otf */; };
		90311CEC2CA2EC1300D2EAB7 /* NanumMyeongjoOTFExtraBold.otf in Resources */ = {isa = PBXBuildFile; fileRef = 90311CE92CA2EC1300D2EAB7 /* NanumMyeongjoOTFExtraBold.otf */; };
		90311CF32CA2EC3D00D2EAB7 /* NanumSquareNeo-eHv.otf in Resources */ = {isa = PBXBuildFile; fileRef = 90311CEE2CA2EC3D00D2EAB7 /* NanumSquareNeo-eHv.otf */; };
		90311CF42CA2EC3D00D2EAB7 /* NanumSquareNeo-dEb.otf in Resources */ = {isa = PBXBuildFile; fileRef = 90311CEF2CA2EC3D00D2EAB7 /* NanumSquareNeo-dEb.otf */; };
		90311CF62CA2EC3D00D2EAB7 /* NanumSquareNeo-aLt.otf in Resources */ = {isa = PBXBuildFile; fileRef = 90311CF12CA2EC3D00D2EAB7 /* NanumSquareNeo-aLt.otf */; };
		90311CF72CA2EC3D00D2EAB7 /* NanumSquareNeo-bRg.otf in Resources */ = {isa = PBXBuildFile; fileRef = 90311CF22CA2EC3D00D2EAB7 /* NanumSquareNeo-bRg.otf */; };
		90311CF82CA2F2A200D2EAB7 /* NanumSquareNeo-cBd.otf in Resources */ = {isa = PBXBuildFile; fileRef = 90311CF02CA2EC3D00D2EAB7 /* NanumSquareNeo-cBd.otf */; };
		90311CFA2CA2F43800D2EAB7 /* UIFont+.swift in Sources */ = {isa = PBXBuildFile; fileRef = 90311CF92CA2F43800D2EAB7 /* UIFont+.swift */; };
		90311CFC2CA2F52A00D2EAB7 /* MeantFontWeight.swift in Sources */ = {isa = PBXBuildFile; fileRef = 90311CFB2CA2F52A00D2EAB7 /* MeantFontWeight.swift */; };
		90311D012CA2FF1A00D2EAB7 /* BaseViewController.swift in Sources */ = {isa = PBXBuildFile; fileRef = 90311D002CA2FF1A00D2EAB7 /* BaseViewController.swift */; };
		90311D032CA2FF2300D2EAB7 /* NavigationBarStyle.swift in Sources */ = {isa = PBXBuildFile; fileRef = 90311D022CA2FF2300D2EAB7 /* NavigationBarStyle.swift */; };
		90311D052CA2FF5B00D2EAB7 /* NavigationBarProtocol.swift in Sources */ = {isa = PBXBuildFile; fileRef = 90311D042CA2FF5B00D2EAB7 /* NavigationBarProtocol.swift */; };
		90311D082CA3018500D2EAB7 /* SnapKit in Frameworks */ = {isa = PBXBuildFile; productRef = 90311D072CA3018500D2EAB7 /* SnapKit */; };
		90311D112CA3073300D2EAB7 /* texture.png in Resources */ = {isa = PBXBuildFile; fileRef = 90311D102CA3073300D2EAB7 /* texture.png */; };
		90311D142CA320AE00D2EAB7 /* HomeView.swift in Sources */ = {isa = PBXBuildFile; fileRef = 90311D132CA320AE00D2EAB7 /* HomeView.swift */; };
		90311D162CA320C300D2EAB7 /* HomeViewController.swift in Sources */ = {isa = PBXBuildFile; fileRef = 90311D152CA320C300D2EAB7 /* HomeViewController.swift */; };
		90311D1C2CA41F2200D2EAB7 /* RecordCardCell.swift in Sources */ = {isa = PBXBuildFile; fileRef = 90311D1B2CA41F2200D2EAB7 /* RecordCardCell.swift */; };
		90311D1E2CA41F5D00D2EAB7 /* Reusable.swift in Sources */ = {isa = PBXBuildFile; fileRef = 90311D1D2CA41F5D00D2EAB7 /* Reusable.swift */; };
		90311D202CA41F8600D2EAB7 /* UICollectionView+Reusable.swift in Sources */ = {isa = PBXBuildFile; fileRef = 90311D1F2CA41F8600D2EAB7 /* UICollectionView+Reusable.swift */; };
		90311D232CA420FF00D2EAB7 /* gather.png in Resources */ = {isa = PBXBuildFile; fileRef = 90311D212CA420FF00D2EAB7 /* gather.png */; };
		90311D242CA420FF00D2EAB7 /* confide.png in Resources */ = {isa = PBXBuildFile; fileRef = 90311D222CA420FF00D2EAB7 /* confide.png */; };
		90311D262CA4216200D2EAB7 /* BaseCollectionViewCell.swift in Sources */ = {isa = PBXBuildFile; fileRef = 90311D252CA4216200D2EAB7 /* BaseCollectionViewCell.swift */; };
		90311D282CA4253100D2EAB7 /* RecordType.swift in Sources */ = {isa = PBXBuildFile; fileRef = 90311D272CA4253100D2EAB7 /* RecordType.swift */; };
		90311D312CA4302A00D2EAB7 /* RecordView.swift in Sources */ = {isa = PBXBuildFile; fileRef = 90311D302CA4302A00D2EAB7 /* RecordView.swift */; };
		90311D332CA4303C00D2EAB7 /* RecordViewController.swift in Sources */ = {isa = PBXBuildFile; fileRef = 90311D322CA4303C00D2EAB7 /* RecordViewController.swift */; };
		90311D362CA4344300D2EAB7 /* UILabel+.swift in Sources */ = {isa = PBXBuildFile; fileRef = 90311D352CA4344300D2EAB7 /* UILabel+.swift */; };
		90311D382CA4387900D2EAB7 /* Date+.swift in Sources */ = {isa = PBXBuildFile; fileRef = 90311D372CA4387900D2EAB7 /* Date+.swift */; };
		90311D3A2CA441D400D2EAB7 /* HapticFeedbackable.swift in Sources */ = {isa = PBXBuildFile; fileRef = 90311D392CA441D400D2EAB7 /* HapticFeedbackable.swift */; };
		90311D3E2CA4420700D2EAB7 /* UIViewController+.swift in Sources */ = {isa = PBXBuildFile; fileRef = 90311D3D2CA4420700D2EAB7 /* UIViewController+.swift */; };
		90311D402CA4487A00D2EAB7 /* MeantTextView.swift in Sources */ = {isa = PBXBuildFile; fileRef = 90311D3F2CA4487A00D2EAB7 /* MeantTextView.swift */; };
		90311D422CA4616700D2EAB7 /* MeantAlertViewController.swift in Sources */ = {isa = PBXBuildFile; fileRef = 90311D412CA4616700D2EAB7 /* MeantAlertViewController.swift */; };
		90311D4C2CA48A5D00D2EAB7 /* RecordEntity.swift in Sources */ = {isa = PBXBuildFile; fileRef = 90311D4B2CA48A5D00D2EAB7 /* RecordEntity.swift */; };
		90311D4E2CA48C6500D2EAB7 /* Record.swift in Sources */ = {isa = PBXBuildFile; fileRef = 90311D4D2CA48C6500D2EAB7 /* Record.swift */; };
		90311D502CA48D4800D2EAB7 /* RealmManager.swift in Sources */ = {isa = PBXBuildFile; fileRef = 90311D4F2CA48D4800D2EAB7 /* RealmManager.swift */; };
		90311D522CA48D7800D2EAB7 /* RecordRepository.swift in Sources */ = {isa = PBXBuildFile; fileRef = 90311D512CA48D7800D2EAB7 /* RecordRepository.swift */; };
		90311D542CA48F1B00D2EAB7 /* RecordRepositoryInterface.swift in Sources */ = {isa = PBXBuildFile; fileRef = 90311D532CA48F1B00D2EAB7 /* RecordRepositoryInterface.swift */; };
		90311D562CA48FCB00D2EAB7 /* Record+.swift in Sources */ = {isa = PBXBuildFile; fileRef = 90311D552CA48FCB00D2EAB7 /* Record+.swift */; };
		90311D582CA4901B00D2EAB7 /* RecordError.swift in Sources */ = {isa = PBXBuildFile; fileRef = 90311D572CA4901B00D2EAB7 /* RecordError.swift */; };
		90AD1ABF2CA4922B0063DDC6 /* Realm in Frameworks */ = {isa = PBXBuildFile; productRef = 90AD1ABE2CA4922B0063DDC6 /* Realm */; };
		90AD1AC12CA4922B0063DDC6 /* RealmSwift in Frameworks */ = {isa = PBXBuildFile; productRef = 90AD1AC02CA4922B0063DDC6 /* RealmSwift */; };
		90AD1AC32CA492850063DDC6 /* HomeViewModel.swift in Sources */ = {isa = PBXBuildFile; fileRef = 90AD1AC22CA492850063DDC6 /* HomeViewModel.swift */; };
		90AD1AC52CA493C00063DDC6 /* DIContainer.swift in Sources */ = {isa = PBXBuildFile; fileRef = 90AD1AC42CA493C00063DDC6 /* DIContainer.swift */; };
		90AD1AC72CA494650063DDC6 /* RecordViewModel.swift in Sources */ = {isa = PBXBuildFile; fileRef = 90AD1AC62CA494650063DDC6 /* RecordViewModel.swift */; };
		90AD1AC92CA4989F0063DDC6 /* RecordCell.swift in Sources */ = {isa = PBXBuildFile; fileRef = 90AD1AC82CA4989F0063DDC6 /* RecordCell.swift */; };
		90AD1ACB2CA498AF0063DDC6 /* UITableView+Reusable.swift in Sources */ = {isa = PBXBuildFile; fileRef = 90AD1ACA2CA498AF0063DDC6 /* UITableView+Reusable.swift */; };
		90AD1ACD2CA49B670063DDC6 /* RecordCellViewModel.swift in Sources */ = {isa = PBXBuildFile; fileRef = 90AD1ACC2CA49B670063DDC6 /* RecordCellViewModel.swift */; };
		90AD1ACF2CA49BCC0063DDC6 /* RecordSectionViewModel.swift in Sources */ = {isa = PBXBuildFile; fileRef = 90AD1ACE2CA49BCC0063DDC6 /* RecordSectionViewModel.swift */; };
		90E9144D2CA2CB130094162D /* AppDelegate.swift in Sources */ = {isa = PBXBuildFile; fileRef = 90E9144C2CA2CB130094162D /* AppDelegate.swift */; };
		90E9144F2CA2CB130094162D /* SceneDelegate.swift in Sources */ = {isa = PBXBuildFile; fileRef = 90E9144E2CA2CB130094162D /* SceneDelegate.swift */; };
		90E914562CA2CB150094162D /* Assets.xcassets in Resources */ = {isa = PBXBuildFile; fileRef = 90E914552CA2CB150094162D /* Assets.xcassets */; };
/* End PBXBuildFile section */

/* Begin PBXFileReference section */
		90311CE72CA2EC1300D2EAB7 /* NanumMyeongjoOTF.otf */ = {isa = PBXFileReference; lastKnownFileType = file; path = NanumMyeongjoOTF.otf; sourceTree = "<group>"; };
		90311CE82CA2EC1300D2EAB7 /* NanumMyeongjoOTFBold.otf */ = {isa = PBXFileReference; lastKnownFileType = file; path = NanumMyeongjoOTFBold.otf; sourceTree = "<group>"; };
		90311CE92CA2EC1300D2EAB7 /* NanumMyeongjoOTFExtraBold.otf */ = {isa = PBXFileReference; lastKnownFileType = file; path = NanumMyeongjoOTFExtraBold.otf; sourceTree = "<group>"; };
		90311CEE2CA2EC3D00D2EAB7 /* NanumSquareNeo-eHv.otf */ = {isa = PBXFileReference; lastKnownFileType = file; path = "NanumSquareNeo-eHv.otf"; sourceTree = "<group>"; };
		90311CEF2CA2EC3D00D2EAB7 /* NanumSquareNeo-dEb.otf */ = {isa = PBXFileReference; lastKnownFileType = file; path = "NanumSquareNeo-dEb.otf"; sourceTree = "<group>"; };
		90311CF02CA2EC3D00D2EAB7 /* NanumSquareNeo-cBd.otf */ = {isa = PBXFileReference; lastKnownFileType = file; path = "NanumSquareNeo-cBd.otf"; sourceTree = "<group>"; };
		90311CF12CA2EC3D00D2EAB7 /* NanumSquareNeo-aLt.otf */ = {isa = PBXFileReference; lastKnownFileType = file; path = "NanumSquareNeo-aLt.otf"; sourceTree = "<group>"; };
		90311CF22CA2EC3D00D2EAB7 /* NanumSquareNeo-bRg.otf */ = {isa = PBXFileReference; lastKnownFileType = file; path = "NanumSquareNeo-bRg.otf"; sourceTree = "<group>"; };
		90311CF92CA2F43800D2EAB7 /* UIFont+.swift */ = {isa = PBXFileReference; lastKnownFileType = sourcecode.swift; path = "UIFont+.swift"; sourceTree = "<group>"; };
		90311CFB2CA2F52A00D2EAB7 /* MeantFontWeight.swift */ = {isa = PBXFileReference; lastKnownFileType = sourcecode.swift; path = MeantFontWeight.swift; sourceTree = "<group>"; };
		90311D002CA2FF1A00D2EAB7 /* BaseViewController.swift */ = {isa = PBXFileReference; lastKnownFileType = sourcecode.swift; path = BaseViewController.swift; sourceTree = "<group>"; };
		90311D022CA2FF2300D2EAB7 /* NavigationBarStyle.swift */ = {isa = PBXFileReference; lastKnownFileType = sourcecode.swift; path = NavigationBarStyle.swift; sourceTree = "<group>"; };
		90311D042CA2FF5B00D2EAB7 /* NavigationBarProtocol.swift */ = {isa = PBXFileReference; lastKnownFileType = sourcecode.swift; path = NavigationBarProtocol.swift; sourceTree = "<group>"; };
		90311D102CA3073300D2EAB7 /* texture.png */ = {isa = PBXFileReference; lastKnownFileType = image.png; path = texture.png; sourceTree = "<group>"; };
		90311D132CA320AE00D2EAB7 /* HomeView.swift */ = {isa = PBXFileReference; lastKnownFileType = sourcecode.swift; path = HomeView.swift; sourceTree = "<group>"; };
		90311D152CA320C300D2EAB7 /* HomeViewController.swift */ = {isa = PBXFileReference; lastKnownFileType = sourcecode.swift; path = HomeViewController.swift; sourceTree = "<group>"; };
		90311D1B2CA41F2200D2EAB7 /* RecordCardCell.swift */ = {isa = PBXFileReference; lastKnownFileType = sourcecode.swift; path = RecordCardCell.swift; sourceTree = "<group>"; };
		90311D1D2CA41F5D00D2EAB7 /* Reusable.swift */ = {isa = PBXFileReference; lastKnownFileType = sourcecode.swift; path = Reusable.swift; sourceTree = "<group>"; };
		90311D1F2CA41F8600D2EAB7 /* UICollectionView+Reusable.swift */ = {isa = PBXFileReference; lastKnownFileType = sourcecode.swift; path = "UICollectionView+Reusable.swift"; sourceTree = "<group>"; };
		90311D212CA420FF00D2EAB7 /* gather.png */ = {isa = PBXFileReference; lastKnownFileType = image.png; path = gather.png; sourceTree = "<group>"; };
		90311D222CA420FF00D2EAB7 /* confide.png */ = {isa = PBXFileReference; lastKnownFileType = image.png; path = confide.png; sourceTree = "<group>"; };
		90311D252CA4216200D2EAB7 /* BaseCollectionViewCell.swift */ = {isa = PBXFileReference; lastKnownFileType = sourcecode.swift; path = BaseCollectionViewCell.swift; sourceTree = "<group>"; };
		90311D272CA4253100D2EAB7 /* RecordType.swift */ = {isa = PBXFileReference; lastKnownFileType = sourcecode.swift; path = RecordType.swift; sourceTree = "<group>"; };
		90311D302CA4302A00D2EAB7 /* RecordView.swift */ = {isa = PBXFileReference; lastKnownFileType = sourcecode.swift; path = RecordView.swift; sourceTree = "<group>"; };
		90311D322CA4303C00D2EAB7 /* RecordViewController.swift */ = {isa = PBXFileReference; lastKnownFileType = sourcecode.swift; path = RecordViewController.swift; sourceTree = "<group>"; };
		90311D352CA4344300D2EAB7 /* UILabel+.swift */ = {isa = PBXFileReference; lastKnownFileType = sourcecode.swift; path = "UILabel+.swift"; sourceTree = "<group>"; };
		90311D372CA4387900D2EAB7 /* Date+.swift */ = {isa = PBXFileReference; lastKnownFileType = sourcecode.swift; path = "Date+.swift"; sourceTree = "<group>"; };
		90311D392CA441D400D2EAB7 /* HapticFeedbackable.swift */ = {isa = PBXFileReference; lastKnownFileType = sourcecode.swift; path = HapticFeedbackable.swift; sourceTree = "<group>"; };
		90311D3D2CA4420700D2EAB7 /* UIViewController+.swift */ = {isa = PBXFileReference; lastKnownFileType = sourcecode.swift; path = "UIViewController+.swift"; sourceTree = "<group>"; };
		90311D3F2CA4487A00D2EAB7 /* MeantTextView.swift */ = {isa = PBXFileReference; lastKnownFileType = sourcecode.swift; path = MeantTextView.swift; sourceTree = "<group>"; };
		90311D412CA4616700D2EAB7 /* MeantAlertViewController.swift */ = {isa = PBXFileReference; lastKnownFileType = sourcecode.swift; path = MeantAlertViewController.swift; sourceTree = "<group>"; };
		90311D4B2CA48A5D00D2EAB7 /* RecordEntity.swift */ = {isa = PBXFileReference; lastKnownFileType = sourcecode.swift; path = RecordEntity.swift; sourceTree = "<group>"; };
		90311D4D2CA48C6500D2EAB7 /* Record.swift */ = {isa = PBXFileReference; lastKnownFileType = sourcecode.swift; path = Record.swift; sourceTree = "<group>"; };
		90311D4F2CA48D4800D2EAB7 /* RealmManager.swift */ = {isa = PBXFileReference; lastKnownFileType = sourcecode.swift; path = RealmManager.swift; sourceTree = "<group>"; };
		90311D512CA48D7800D2EAB7 /* RecordRepository.swift */ = {isa = PBXFileReference; lastKnownFileType = sourcecode.swift; path = RecordRepository.swift; sourceTree = "<group>"; };
		90311D532CA48F1B00D2EAB7 /* RecordRepositoryInterface.swift */ = {isa = PBXFileReference; lastKnownFileType = sourcecode.swift; path = RecordRepositoryInterface.swift; sourceTree = "<group>"; };
		90311D552CA48FCB00D2EAB7 /* Record+.swift */ = {isa = PBXFileReference; lastKnownFileType = sourcecode.swift; path = "Record+.swift"; sourceTree = "<group>"; };
		90311D572CA4901B00D2EAB7 /* RecordError.swift */ = {isa = PBXFileReference; lastKnownFileType = sourcecode.swift; path = RecordError.swift; sourceTree = "<group>"; };
		90AD1AC22CA492850063DDC6 /* HomeViewModel.swift */ = {isa = PBXFileReference; lastKnownFileType = sourcecode.swift; path = HomeViewModel.swift; sourceTree = "<group>"; };
		90AD1AC42CA493C00063DDC6 /* DIContainer.swift */ = {isa = PBXFileReference; lastKnownFileType = sourcecode.swift; path = DIContainer.swift; sourceTree = "<group>"; };
		90AD1AC62CA494650063DDC6 /* RecordViewModel.swift */ = {isa = PBXFileReference; lastKnownFileType = sourcecode.swift; path = RecordViewModel.swift; sourceTree = "<group>"; };
		90AD1AC82CA4989F0063DDC6 /* RecordCell.swift */ = {isa = PBXFileReference; lastKnownFileType = sourcecode.swift; path = RecordCell.swift; sourceTree = "<group>"; };
		90AD1ACA2CA498AF0063DDC6 /* UITableView+Reusable.swift */ = {isa = PBXFileReference; lastKnownFileType = sourcecode.swift; path = "UITableView+Reusable.swift"; sourceTree = "<group>"; };
		90AD1ACC2CA49B670063DDC6 /* RecordCellViewModel.swift */ = {isa = PBXFileReference; lastKnownFileType = sourcecode.swift; path = RecordCellViewModel.swift; sourceTree = "<group>"; };
		90AD1ACE2CA49BCC0063DDC6 /* RecordSectionViewModel.swift */ = {isa = PBXFileReference; lastKnownFileType = sourcecode.swift; path = RecordSectionViewModel.swift; sourceTree = "<group>"; };
		90E914492CA2CB130094162D /* meant.app */ = {isa = PBXFileReference; explicitFileType = wrapper.application; includeInIndex = 0; path = meant.app; sourceTree = BUILT_PRODUCTS_DIR; };
		90E9144C2CA2CB130094162D /* AppDelegate.swift */ = {isa = PBXFileReference; lastKnownFileType = sourcecode.swift; path = AppDelegate.swift; sourceTree = "<group>"; };
		90E9144E2CA2CB130094162D /* SceneDelegate.swift */ = {isa = PBXFileReference; lastKnownFileType = sourcecode.swift; path = SceneDelegate.swift; sourceTree = "<group>"; };
		90E914552CA2CB150094162D /* Assets.xcassets */ = {isa = PBXFileReference; lastKnownFileType = folder.assetcatalog; path = Assets.xcassets; sourceTree = "<group>"; };
		90E9145A2CA2CB150094162D /* Info.plist */ = {isa = PBXFileReference; lastKnownFileType = text.plist.xml; path = Info.plist; sourceTree = "<group>"; };
/* End PBXFileReference section */

/* Begin PBXFrameworksBuildPhase section */
		90E914462CA2CB130094162D /* Frameworks */ = {
			isa = PBXFrameworksBuildPhase;
			buildActionMask = 2147483647;
			files = (
				90AD1AC12CA4922B0063DDC6 /* RealmSwift in Frameworks */,
				90AD1ABF2CA4922B0063DDC6 /* Realm in Frameworks */,
				90311D082CA3018500D2EAB7 /* SnapKit in Frameworks */,
			);
			runOnlyForDeploymentPostprocessing = 0;
		};
/* End PBXFrameworksBuildPhase section */

/* Begin PBXGroup section */
		90311CE52CA2EBD800D2EAB7 /* Fonts */ = {
			isa = PBXGroup;
			children = (
				90311CED2CA2EC1900D2EAB7 /* NanumSquareNeo */,
				90311CE62CA2EBF500D2EAB7 /* NanumMyeongjo */,
			);
			path = Fonts;
			sourceTree = "<group>";
		};
		90311CE62CA2EBF500D2EAB7 /* NanumMyeongjo */ = {
			isa = PBXGroup;
			children = (
				90311CE72CA2EC1300D2EAB7 /* NanumMyeongjoOTF.otf */,
				90311CE82CA2EC1300D2EAB7 /* NanumMyeongjoOTFBold.otf */,
				90311CE92CA2EC1300D2EAB7 /* NanumMyeongjoOTFExtraBold.otf */,
			);
			path = NanumMyeongjo;
			sourceTree = "<group>";
		};
		90311CED2CA2EC1900D2EAB7 /* NanumSquareNeo */ = {
			isa = PBXGroup;
			children = (
				90311CF02CA2EC3D00D2EAB7 /* NanumSquareNeo-cBd.otf */,
				90311CEF2CA2EC3D00D2EAB7 /* NanumSquareNeo-dEb.otf */,
				90311CEE2CA2EC3D00D2EAB7 /* NanumSquareNeo-eHv.otf */,
				90311CF12CA2EC3D00D2EAB7 /* NanumSquareNeo-aLt.otf */,
				90311CF22CA2EC3D00D2EAB7 /* NanumSquareNeo-bRg.otf */,
			);
			path = NanumSquareNeo;
			sourceTree = "<group>";
		};
		90311CFF2CA2FF0F00D2EAB7 /* Common */ = {
			isa = PBXGroup;
			children = (
				90311D002CA2FF1A00D2EAB7 /* BaseViewController.swift */,
				90311D022CA2FF2300D2EAB7 /* NavigationBarStyle.swift */,
				90311D042CA2FF5B00D2EAB7 /* NavigationBarProtocol.swift */,
				90311D252CA4216200D2EAB7 /* BaseCollectionViewCell.swift */,
				90311D3F2CA4487A00D2EAB7 /* MeantTextView.swift */,
				90311D412CA4616700D2EAB7 /* MeantAlertViewController.swift */,
			);
			path = Common;
			sourceTree = "<group>";
		};
		90311D0B2CA304F300D2EAB7 /* Images */ = {
			isa = PBXGroup;
			children = (
				90311D222CA420FF00D2EAB7 /* confide.png */,
				90311D212CA420FF00D2EAB7 /* gather.png */,
				90311D102CA3073300D2EAB7 /* texture.png */,
			);
			path = Images;
			sourceTree = "<group>";
		};
		90311D122CA320A300D2EAB7 /* Home */ = {
			isa = PBXGroup;
			children = (
				90311D132CA320AE00D2EAB7 /* HomeView.swift */,
				90311D152CA320C300D2EAB7 /* HomeViewController.swift */,
				90311D1B2CA41F2200D2EAB7 /* RecordCardCell.swift */,
				90AD1AC22CA492850063DDC6 /* HomeViewModel.swift */,
				90AD1AC82CA4989F0063DDC6 /* RecordCell.swift */,
			);
			path = Home;
			sourceTree = "<group>";
		};
		90311D2F2CA4301800D2EAB7 /* Record */ = {
			isa = PBXGroup;
			children = (
				90311D302CA4302A00D2EAB7 /* RecordView.swift */,
				90311D322CA4303C00D2EAB7 /* RecordViewController.swift */,
				90AD1AC62CA494650063DDC6 /* RecordViewModel.swift */,
			);
			path = Record;
			sourceTree = "<group>";
		};
		90311D342CA4308000D2EAB7 /* Model */ = {
			isa = PBXGroup;
			children = (
				90311D552CA48FCB00D2EAB7 /* Record+.swift */,
				90AD1ACC2CA49B670063DDC6 /* RecordCellViewModel.swift */,
				90AD1ACE2CA49BCC0063DDC6 /* RecordSectionViewModel.swift */,
			);
			path = Model;
			sourceTree = "<group>";
		};
		90E914402CA2CB130094162D = {
			isa = PBXGroup;
			children = (
				90E9144B2CA2CB130094162D /* meant */,
				90E9144A2CA2CB130094162D /* Products */,
			);
			sourceTree = "<group>";
		};
		90E9144A2CA2CB130094162D /* Products */ = {
			isa = PBXGroup;
			children = (
				90E914492CA2CB130094162D /* meant.app */,
			);
			name = Products;
			sourceTree = "<group>";
		};
		90E9144B2CA2CB130094162D /* meant */ = {
			isa = PBXGroup;
			children = (
				90E914672CA2D2610094162D /* Common */,
				90E914662CA2D25D0094162D /* Data */,
				90E914652CA2D2590094162D /* Domain */,
				90E914642CA2D24F0094162D /* Presentation */,
				90E914632CA2D2480094162D /* Resource */,
				90E914622CA2D2320094162D /* Application */,
			);
			path = meant;
			sourceTree = "<group>";
		};
		90E914622CA2D2320094162D /* Application */ = {
			isa = PBXGroup;
			children = (
				90E9144C2CA2CB130094162D /* AppDelegate.swift */,
				90E9144E2CA2CB130094162D /* SceneDelegate.swift */,
			);
			path = Application;
			sourceTree = "<group>";
		};
		90E914632CA2D2480094162D /* Resource */ = {
			isa = PBXGroup;
			children = (
				90311D0B2CA304F300D2EAB7 /* Images */,
				90311CE52CA2EBD800D2EAB7 /* Fonts */,
				90E914552CA2CB150094162D /* Assets.xcassets */,
				90E9145A2CA2CB150094162D /* Info.plist */,
			);
			path = Resource;
			sourceTree = "<group>";
		};
		90E914642CA2D24F0094162D /* Presentation */ = {
			isa = PBXGroup;
			children = (
				90311D342CA4308000D2EAB7 /* Model */,
				90311D2F2CA4301800D2EAB7 /* Record */,
				90311D122CA320A300D2EAB7 /* Home */,
				90311CFF2CA2FF0F00D2EAB7 /* Common */,
			);
			path = Presentation;
			sourceTree = "<group>";
		};
		90E914652CA2D2590094162D /* Domain */ = {
			isa = PBXGroup;
			children = (
				90311D4D2CA48C6500D2EAB7 /* Record.swift */,
				90311D272CA4253100D2EAB7 /* RecordType.swift */,
				90311D532CA48F1B00D2EAB7 /* RecordRepositoryInterface.swift */,
				90311D572CA4901B00D2EAB7 /* RecordError.swift */,
			);
			path = Domain;
			sourceTree = "<group>";
		};
		90E914662CA2D25D0094162D /* Data */ = {
			isa = PBXGroup;
			children = (
				90311D4B2CA48A5D00D2EAB7 /* RecordEntity.swift */,
				90311D4F2CA48D4800D2EAB7 /* RealmManager.swift */,
				90311D512CA48D7800D2EAB7 /* RecordRepository.swift */,
			);
			path = Data;
			sourceTree = "<group>";
		};
		90E914672CA2D2610094162D /* Common */ = {
			isa = PBXGroup;
			children = (
				90E9146A2CA2D2D30094162D /* Utilities */,
				90E914692CA2D2C90094162D /* Extensions */,
			);
			path = Common;
			sourceTree = "<group>";
		};
		90E914692CA2D2C90094162D /* Extensions */ = {
			isa = PBXGroup;
			children = (
				90311CF92CA2F43800D2EAB7 /* UIFont+.swift */,
				90311D1F2CA41F8600D2EAB7 /* UICollectionView+Reusable.swift */,
				90311D352CA4344300D2EAB7 /* UILabel+.swift */,
				90311D372CA4387900D2EAB7 /* Date+.swift */,
				90311D3D2CA4420700D2EAB7 /* UIViewController+.swift */,
				90AD1ACA2CA498AF0063DDC6 /* UITableView+Reusable.swift */,
			);
			path = Extensions;
			sourceTree = "<group>";
		};
		90E9146A2CA2D2D30094162D /* Utilities */ = {
			isa = PBXGroup;
			children = (
				90311CFB2CA2F52A00D2EAB7 /* MeantFontWeight.swift */,
				90311D392CA441D400D2EAB7 /* HapticFeedbackable.swift */,
				90311D1D2CA41F5D00D2EAB7 /* Reusable.swift */,
				90AD1AC42CA493C00063DDC6 /* DIContainer.swift */,
			);
			path = Utilities;
			sourceTree = "<group>";
		};
/* End PBXGroup section */

/* Begin PBXNativeTarget section */
		90E914482CA2CB130094162D /* meant */ = {
			isa = PBXNativeTarget;
			buildConfigurationList = 90E9145D2CA2CB150094162D /* Build configuration list for PBXNativeTarget "meant" */;
			buildPhases = (
				90E914452CA2CB130094162D /* Sources */,
				90E914462CA2CB130094162D /* Frameworks */,
				90E914472CA2CB130094162D /* Resources */,
			);
			buildRules = (
			);
			dependencies = (
			);
			name = meant;
			packageProductDependencies = (
				90311D072CA3018500D2EAB7 /* SnapKit */,
				90AD1ABE2CA4922B0063DDC6 /* Realm */,
				90AD1AC02CA4922B0063DDC6 /* RealmSwift */,
			);
			productName = meant;
			productReference = 90E914492CA2CB130094162D /* meant.app */;
			productType = "com.apple.product-type.application";
		};
/* End PBXNativeTarget section */

/* Begin PBXProject section */
		90E914412CA2CB130094162D /* Project object */ = {
			isa = PBXProject;
			attributes = {
				BuildIndependentTargetsInParallel = 1;
				LastSwiftUpdateCheck = 1540;
				LastUpgradeCheck = 1540;
				TargetAttributes = {
					90E914482CA2CB130094162D = {
						CreatedOnToolsVersion = 15.4;
					};
				};
			};
			buildConfigurationList = 90E914442CA2CB130094162D /* Build configuration list for PBXProject "meant" */;
			compatibilityVersion = "Xcode 14.0";
			developmentRegion = en;
			hasScannedForEncodings = 0;
			knownRegions = (
				en,
				Base,
			);
			mainGroup = 90E914402CA2CB130094162D;
			packageReferences = (
				90311D062CA3018500D2EAB7 /* XCRemoteSwiftPackageReference "snapkit" */,
				90AD1ABD2CA4922B0063DDC6 /* XCRemoteSwiftPackageReference "realm-swift" */,
			);
			productRefGroup = 90E9144A2CA2CB130094162D /* Products */;
			projectDirPath = "";
			projectRoot = "";
			targets = (
				90E914482CA2CB130094162D /* meant */,
			);
		};
/* End PBXProject section */

/* Begin PBXResourcesBuildPhase section */
		90E914472CA2CB130094162D /* Resources */ = {
			isa = PBXResourcesBuildPhase;
			buildActionMask = 2147483647;
			files = (
				90311CF42CA2EC3D00D2EAB7 /* NanumSquareNeo-dEb.otf in Resources */,
				90E914562CA2CB150094162D /* Assets.xcassets in Resources */,
				90311D242CA420FF00D2EAB7 /* confide.png in Resources */,
				90311CEC2CA2EC1300D2EAB7 /* NanumMyeongjoOTFExtraBold.otf in Resources */,
				90311CEB2CA2EC1300D2EAB7 /* NanumMyeongjoOTFBold.otf in Resources */,
				90311CF32CA2EC3D00D2EAB7 /* NanumSquareNeo-eHv.otf in Resources */,
				90311D112CA3073300D2EAB7 /* texture.png in Resources */,
				90311CF72CA2EC3D00D2EAB7 /* NanumSquareNeo-bRg.otf in Resources */,
				90311D232CA420FF00D2EAB7 /* gather.png in Resources */,
				90311CF82CA2F2A200D2EAB7 /* NanumSquareNeo-cBd.otf in Resources */,
				90311CEA2CA2EC1300D2EAB7 /* NanumMyeongjoOTF.otf in Resources */,
				90311CF62CA2EC3D00D2EAB7 /* NanumSquareNeo-aLt.otf in Resources */,
			);
			runOnlyForDeploymentPostprocessing = 0;
		};
/* End PBXResourcesBuildPhase section */

/* Begin PBXSourcesBuildPhase section */
		90E914452CA2CB130094162D /* Sources */ = {
			isa = PBXSourcesBuildPhase;
			buildActionMask = 2147483647;
			files = (
				90311CFA2CA2F43800D2EAB7 /* UIFont+.swift in Sources */,
				90AD1AC52CA493C00063DDC6 /* DIContainer.swift in Sources */,
				90311D3A2CA441D400D2EAB7 /* HapticFeedbackable.swift in Sources */,
				90311D1E2CA41F5D00D2EAB7 /* Reusable.swift in Sources */,
				90311D422CA4616700D2EAB7 /* MeantAlertViewController.swift in Sources */,
				90E9144D2CA2CB130094162D /* AppDelegate.swift in Sources */,
				90AD1ACB2CA498AF0063DDC6 /* UITableView+Reusable.swift in Sources */,
				90AD1ACF2CA49BCC0063DDC6 /* RecordSectionViewModel.swift in Sources */,
				90311D142CA320AE00D2EAB7 /* HomeView.swift in Sources */,
				90311D162CA320C300D2EAB7 /* HomeViewController.swift in Sources */,
				90AD1ACD2CA49B670063DDC6 /* RecordCellViewModel.swift in Sources */,
				90311D312CA4302A00D2EAB7 /* RecordView.swift in Sources */,
				90311D362CA4344300D2EAB7 /* UILabel+.swift in Sources */,
				90311D1C2CA41F2200D2EAB7 /* RecordCardCell.swift in Sources */,
				90311CFC2CA2F52A00D2EAB7 /* MeantFontWeight.swift in Sources */,
				90311D382CA4387900D2EAB7 /* Date+.swift in Sources */,
				90311D332CA4303C00D2EAB7 /* RecordViewController.swift in Sources */,
				90AD1AC32CA492850063DDC6 /* HomeViewModel.swift in Sources */,
				90311D032CA2FF2300D2EAB7 /* NavigationBarStyle.swift in Sources */,
				90AD1AC92CA4989F0063DDC6 /* RecordCell.swift in Sources */,
				90311D562CA48FCB00D2EAB7 /* Record+.swift in Sources */,
				90311D4E2CA48C6500D2EAB7 /* Record.swift in Sources */,
				90311D3E2CA4420700D2EAB7 /* UIViewController+.swift in Sources */,
				90311D052CA2FF5B00D2EAB7 /* NavigationBarProtocol.swift in Sources */,
				90311D202CA41F8600D2EAB7 /* UICollectionView+Reusable.swift in Sources */,
				90E9144F2CA2CB130094162D /* SceneDelegate.swift in Sources */,
				90311D582CA4901B00D2EAB7 /* RecordError.swift in Sources */,
				90311D402CA4487A00D2EAB7 /* MeantTextView.swift in Sources */,
				90311D262CA4216200D2EAB7 /* BaseCollectionViewCell.swift in Sources */,
				90311D522CA48D7800D2EAB7 /* RecordRepository.swift in Sources */,
				90311D282CA4253100D2EAB7 /* RecordType.swift in Sources */,
				90AD1AC72CA494650063DDC6 /* RecordViewModel.swift in Sources */,
				90311D542CA48F1B00D2EAB7 /* RecordRepositoryInterface.swift in Sources */,
				90311D502CA48D4800D2EAB7 /* RealmManager.swift in Sources */,
				90311D012CA2FF1A00D2EAB7 /* BaseViewController.swift in Sources */,
				90311D4C2CA48A5D00D2EAB7 /* RecordEntity.swift in Sources */,
			);
			runOnlyForDeploymentPostprocessing = 0;
		};
/* End PBXSourcesBuildPhase section */

/* Begin XCBuildConfiguration section */
		90E9145B2CA2CB150094162D /* Debug */ = {
			isa = XCBuildConfiguration;
			buildSettings = {
				ALWAYS_SEARCH_USER_PATHS = NO;
				ASSETCATALOG_COMPILER_GENERATE_SWIFT_ASSET_SYMBOL_EXTENSIONS = YES;
				CLANG_ANALYZER_NONNULL = YES;
				CLANG_ANALYZER_NUMBER_OBJECT_CONVERSION = YES_AGGRESSIVE;
				CLANG_CXX_LANGUAGE_STANDARD = "gnu++20";
				CLANG_ENABLE_MODULES = YES;
				CLANG_ENABLE_OBJC_ARC = YES;
				CLANG_ENABLE_OBJC_WEAK = YES;
				CLANG_WARN_BLOCK_CAPTURE_AUTORELEASING = YES;
				CLANG_WARN_BOOL_CONVERSION = YES;
				CLANG_WARN_COMMA = YES;
				CLANG_WARN_CONSTANT_CONVERSION = YES;
				CLANG_WARN_DEPRECATED_OBJC_IMPLEMENTATIONS = YES;
				CLANG_WARN_DIRECT_OBJC_ISA_USAGE = YES_ERROR;
				CLANG_WARN_DOCUMENTATION_COMMENTS = YES;
				CLANG_WARN_EMPTY_BODY = YES;
				CLANG_WARN_ENUM_CONVERSION = YES;
				CLANG_WARN_INFINITE_RECURSION = YES;
				CLANG_WARN_INT_CONVERSION = YES;
				CLANG_WARN_NON_LITERAL_NULL_CONVERSION = YES;
				CLANG_WARN_OBJC_IMPLICIT_RETAIN_SELF = YES;
				CLANG_WARN_OBJC_LITERAL_CONVERSION = YES;
				CLANG_WARN_OBJC_ROOT_CLASS = YES_ERROR;
				CLANG_WARN_QUOTED_INCLUDE_IN_FRAMEWORK_HEADER = YES;
				CLANG_WARN_RANGE_LOOP_ANALYSIS = YES;
				CLANG_WARN_STRICT_PROTOTYPES = YES;
				CLANG_WARN_SUSPICIOUS_MOVE = YES;
				CLANG_WARN_UNGUARDED_AVAILABILITY = YES_AGGRESSIVE;
				CLANG_WARN_UNREACHABLE_CODE = YES;
				CLANG_WARN__DUPLICATE_METHOD_MATCH = YES;
				COPY_PHASE_STRIP = NO;
				DEBUG_INFORMATION_FORMAT = dwarf;
				ENABLE_STRICT_OBJC_MSGSEND = YES;
				ENABLE_TESTABILITY = YES;
				ENABLE_USER_SCRIPT_SANDBOXING = YES;
				GCC_C_LANGUAGE_STANDARD = gnu17;
				GCC_DYNAMIC_NO_PIC = NO;
				GCC_NO_COMMON_BLOCKS = YES;
				GCC_OPTIMIZATION_LEVEL = 0;
				GCC_PREPROCESSOR_DEFINITIONS = (
					"DEBUG=1",
					"$(inherited)",
				);
				GCC_WARN_64_TO_32_BIT_CONVERSION = YES;
				GCC_WARN_ABOUT_RETURN_TYPE = YES_ERROR;
				GCC_WARN_UNDECLARED_SELECTOR = YES;
				GCC_WARN_UNINITIALIZED_AUTOS = YES_AGGRESSIVE;
				GCC_WARN_UNUSED_FUNCTION = YES;
				GCC_WARN_UNUSED_VARIABLE = YES;
				IPHONEOS_DEPLOYMENT_TARGET = 17.0;
				LOCALIZATION_PREFERS_STRING_CATALOGS = YES;
				MTL_ENABLE_DEBUG_INFO = INCLUDE_SOURCE;
				MTL_FAST_MATH = YES;
				ONLY_ACTIVE_ARCH = YES;
				SDKROOT = iphoneos;
				SWIFT_ACTIVE_COMPILATION_CONDITIONS = "DEBUG $(inherited)";
				SWIFT_OPTIMIZATION_LEVEL = "-Onone";
			};
			name = Debug;
		};
		90E9145C2CA2CB150094162D /* Release */ = {
			isa = XCBuildConfiguration;
			buildSettings = {
				ALWAYS_SEARCH_USER_PATHS = NO;
				ASSETCATALOG_COMPILER_GENERATE_SWIFT_ASSET_SYMBOL_EXTENSIONS = YES;
				CLANG_ANALYZER_NONNULL = YES;
				CLANG_ANALYZER_NUMBER_OBJECT_CONVERSION = YES_AGGRESSIVE;
				CLANG_CXX_LANGUAGE_STANDARD = "gnu++20";
				CLANG_ENABLE_MODULES = YES;
				CLANG_ENABLE_OBJC_ARC = YES;
				CLANG_ENABLE_OBJC_WEAK = YES;
				CLANG_WARN_BLOCK_CAPTURE_AUTORELEASING = YES;
				CLANG_WARN_BOOL_CONVERSION = YES;
				CLANG_WARN_COMMA = YES;
				CLANG_WARN_CONSTANT_CONVERSION = YES;
				CLANG_WARN_DEPRECATED_OBJC_IMPLEMENTATIONS = YES;
				CLANG_WARN_DIRECT_OBJC_ISA_USAGE = YES_ERROR;
				CLANG_WARN_DOCUMENTATION_COMMENTS = YES;
				CLANG_WARN_EMPTY_BODY = YES;
				CLANG_WARN_ENUM_CONVERSION = YES;
				CLANG_WARN_INFINITE_RECURSION = YES;
				CLANG_WARN_INT_CONVERSION = YES;
				CLANG_WARN_NON_LITERAL_NULL_CONVERSION = YES;
				CLANG_WARN_OBJC_IMPLICIT_RETAIN_SELF = YES;
				CLANG_WARN_OBJC_LITERAL_CONVERSION = YES;
				CLANG_WARN_OBJC_ROOT_CLASS = YES_ERROR;
				CLANG_WARN_QUOTED_INCLUDE_IN_FRAMEWORK_HEADER = YES;
				CLANG_WARN_RANGE_LOOP_ANALYSIS = YES;
				CLANG_WARN_STRICT_PROTOTYPES = YES;
				CLANG_WARN_SUSPICIOUS_MOVE = YES;
				CLANG_WARN_UNGUARDED_AVAILABILITY = YES_AGGRESSIVE;
				CLANG_WARN_UNREACHABLE_CODE = YES;
				CLANG_WARN__DUPLICATE_METHOD_MATCH = YES;
				COPY_PHASE_STRIP = NO;
				DEBUG_INFORMATION_FORMAT = "dwarf-with-dsym";
				ENABLE_NS_ASSERTIONS = NO;
				ENABLE_STRICT_OBJC_MSGSEND = YES;
				ENABLE_USER_SCRIPT_SANDBOXING = YES;
				GCC_C_LANGUAGE_STANDARD = gnu17;
				GCC_NO_COMMON_BLOCKS = YES;
				GCC_WARN_64_TO_32_BIT_CONVERSION = YES;
				GCC_WARN_ABOUT_RETURN_TYPE = YES_ERROR;
				GCC_WARN_UNDECLARED_SELECTOR = YES;
				GCC_WARN_UNINITIALIZED_AUTOS = YES_AGGRESSIVE;
				GCC_WARN_UNUSED_FUNCTION = YES;
				GCC_WARN_UNUSED_VARIABLE = YES;
				IPHONEOS_DEPLOYMENT_TARGET = 17.0;
				LOCALIZATION_PREFERS_STRING_CATALOGS = YES;
				MTL_ENABLE_DEBUG_INFO = NO;
				MTL_FAST_MATH = YES;
				SDKROOT = iphoneos;
				SWIFT_COMPILATION_MODE = wholemodule;
				VALIDATE_PRODUCT = YES;
			};
			name = Release;
		};
		90E9145E2CA2CB150094162D /* Debug */ = {
			isa = XCBuildConfiguration;
			buildSettings = {
				ASSETCATALOG_COMPILER_APPICON_NAME = AppIcon;
				ASSETCATALOG_COMPILER_GLOBAL_ACCENT_COLOR_NAME = AccentColor;
				CODE_SIGN_STYLE = Automatic;
				CURRENT_PROJECT_VERSION = 1;
				DEVELOPMENT_TEAM = U3V7X75S9T;
				GENERATE_INFOPLIST_FILE = YES;
				INFOPLIST_FILE = meant/Resource/Info.plist;
				INFOPLIST_KEY_UIApplicationSupportsIndirectInputEvents = YES;
				INFOPLIST_KEY_UILaunchStoryboardName = LaunchScreen;
				INFOPLIST_KEY_UISupportedInterfaceOrientations = UIInterfaceOrientationPortrait;
				INFOPLIST_KEY_UISupportedInterfaceOrientations_iPad = "UIInterfaceOrientationLandscapeLeft UIInterfaceOrientationLandscapeRight UIInterfaceOrientationPortrait UIInterfaceOrientationPortraitUpsideDown";
				LD_RUNPATH_SEARCH_PATHS = (
					"$(inherited)",
					"@executable_path/Frameworks",
				);
				MARKETING_VERSION = 1.0;
				PRODUCT_BUNDLE_IDENTIFIER = com.goojiong.meant;
				PRODUCT_NAME = "$(TARGET_NAME)";
				SUPPORTED_PLATFORMS = "iphoneos iphonesimulator";
				SUPPORTS_MACCATALYST = NO;
				SUPPORTS_MAC_DESIGNED_FOR_IPHONE_IPAD = NO;
				SUPPORTS_XR_DESIGNED_FOR_IPHONE_IPAD = NO;
				SWIFT_EMIT_LOC_STRINGS = YES;
				SWIFT_VERSION = 5.0;
				TARGETED_DEVICE_FAMILY = 1;
			};
			name = Debug;
		};
		90E9145F2CA2CB150094162D /* Release */ = {
			isa = XCBuildConfiguration;
			buildSettings = {
				ASSETCATALOG_COMPILER_APPICON_NAME = AppIcon;
				ASSETCATALOG_COMPILER_GLOBAL_ACCENT_COLOR_NAME = AccentColor;
				CODE_SIGN_STYLE = Automatic;
				CURRENT_PROJECT_VERSION = 1;
				DEVELOPMENT_TEAM = U3V7X75S9T;
				GENERATE_INFOPLIST_FILE = YES;
				INFOPLIST_FILE = meant/Resource/Info.plist;
				INFOPLIST_KEY_UIApplicationSupportsIndirectInputEvents = YES;
				INFOPLIST_KEY_UILaunchStoryboardName = LaunchScreen;
				INFOPLIST_KEY_UISupportedInterfaceOrientations = UIInterfaceOrientationPortrait;
				INFOPLIST_KEY_UISupportedInterfaceOrientations_iPad = "UIInterfaceOrientationLandscapeLeft UIInterfaceOrientationLandscapeRight UIInterfaceOrientationPortrait UIInterfaceOrientationPortraitUpsideDown";
				LD_RUNPATH_SEARCH_PATHS = (
					"$(inherited)",
					"@executable_path/Frameworks",
				);
				MARKETING_VERSION = 1.0;
				PRODUCT_BUNDLE_IDENTIFIER = com.goojiong.meant;
				PRODUCT_NAME = "$(TARGET_NAME)";
				SUPPORTED_PLATFORMS = "iphoneos iphonesimulator";
				SUPPORTS_MACCATALYST = NO;
				SUPPORTS_MAC_DESIGNED_FOR_IPHONE_IPAD = NO;
				SUPPORTS_XR_DESIGNED_FOR_IPHONE_IPAD = NO;
				SWIFT_EMIT_LOC_STRINGS = YES;
				SWIFT_VERSION = 5.0;
				TARGETED_DEVICE_FAMILY = 1;
			};
			name = Release;
		};
/* End XCBuildConfiguration section */

/* Begin XCConfigurationList section */
		90E914442CA2CB130094162D /* Build configuration list for PBXProject "meant" */ = {
			isa = XCConfigurationList;
			buildConfigurations = (
				90E9145B2CA2CB150094162D /* Debug */,
				90E9145C2CA2CB150094162D /* Release */,
			);
			defaultConfigurationIsVisible = 0;
			defaultConfigurationName = Release;
		};
		90E9145D2CA2CB150094162D /* Build configuration list for PBXNativeTarget "meant" */ = {
			isa = XCConfigurationList;
			buildConfigurations = (
				90E9145E2CA2CB150094162D /* Debug */,
				90E9145F2CA2CB150094162D /* Release */,
			);
			defaultConfigurationIsVisible = 0;
			defaultConfigurationName = Release;
		};
/* End XCConfigurationList section */

/* Begin XCRemoteSwiftPackageReference section */
		90311D062CA3018500D2EAB7 /* XCRemoteSwiftPackageReference "snapkit" */ = {
			isa = XCRemoteSwiftPackageReference;
			repositoryURL = "https://github.com/snapkit/snapkit";
			requirement = {
				kind = upToNextMajorVersion;
				minimumVersion = 5.7.1;
			};
		};
		90AD1ABD2CA4922B0063DDC6 /* XCRemoteSwiftPackageReference "realm-swift" */ = {
			isa = XCRemoteSwiftPackageReference;
			repositoryURL = "https://github.com/realm/realm-swift";
			requirement = {
				kind = exactVersion;
				version = 10.38.0;
			};
		};
/* End XCRemoteSwiftPackageReference section */

/* Begin XCSwiftPackageProductDependency section */
		90311D072CA3018500D2EAB7 /* SnapKit */ = {
			isa = XCSwiftPackageProductDependency;
			package = 90311D062CA3018500D2EAB7 /* XCRemoteSwiftPackageReference "snapkit" */;
			productName = SnapKit;
		};
		90AD1ABE2CA4922B0063DDC6 /* Realm */ = {
			isa = XCSwiftPackageProductDependency;
			package = 90AD1ABD2CA4922B0063DDC6 /* XCRemoteSwiftPackageReference "realm-swift" */;
			productName = Realm;
		};
		90AD1AC02CA4922B0063DDC6 /* RealmSwift */ = {
			isa = XCSwiftPackageProductDependency;
			package = 90AD1ABD2CA4922B0063DDC6 /* XCRemoteSwiftPackageReference "realm-swift" */;
			productName = RealmSwift;
		};
/* End XCSwiftPackageProductDependency section */
	};
	rootObject = 90E914412CA2CB130094162D /* Project object */;
}
